
Microsoft Visual Studio Solution File, Format Version 12.00
# Visual Studio 15
VisualStudioVersion = 15.0.27428.2027
MinimumVisualStudioVersion = 10.0.40219.1
Project("{F184B08F-C81C-45F6-A57F-5ABD9991F28F}") = "Bucles_1a10", "Bucles_1a10\Bucles_1a10.vbproj", "{43327DCA-96C0-4C51-AB91-3CEAAA0B3907}"
EndProject
Global
	GlobalSection(SolutionConfigurationPlatforms) = preSolution
		Debug|Any CPU = Debug|Any CPU
		Release|Any CPU = Release|Any CPU
	EndGlobalSection
	GlobalSection(ProjectConfigurationPlatforms) = postSolution
		{43327DCA-96C0-4C51-AB91-3CEAAA0B3907}.Debug|Any CPU.ActiveCfg = Debug|Any CPU
		{43327DCA-96C0-4C51-AB91-3CEAAA0B3907}.Debug|Any CPU.Build.0 = Debug|Any CPU
		{43327DCA-96C0-4C51-AB91-3CEAAA0B3907}.Release|Any CPU.ActiveCfg = Release|Any CPU
		{43327DCA-96C0-4C51-AB91-3CEAAA0B3907}.Release|Any CPU.Build.0 = Release|Any CPU
	EndGlobalSection
	GlobalSection(SolutionProperties) = preSolution
		HideSolutionNode = FALSE
	EndGlobalSection
	GlobalSection(ExtensibilityGlobals) = postSolution
		SolutionGuid = {66AE0709-7F11-493F-99A5-971D25E678A4}
	EndGlobalSection
EndGlobal
